// !$*UTF8*$!
{
	archiveVersion = 1;
	classes = {
	};
	objectVersion = 46;
	objects = {

/* Begin PBXBuildFile section */
		026771D21BE924D5002B79F4 /* PasteboardService.swift in Sources */ = {isa = PBXBuildFile; fileRef = 026771D11BE924D5002B79F4 /* PasteboardService.swift */; };
		02801C321C035333000817CE /* PasteboardItem.swift in Sources */ = {isa = PBXBuildFile; fileRef = 02801C311C035333000817CE /* PasteboardItem.swift */; };
		02801C351C0354F7000817CE /* PasteViewModel.swift in Sources */ = {isa = PBXBuildFile; fileRef = 02801C341C0354F7000817CE /* PasteViewModel.swift */; };
		02AF8C7C1C0B09DA00BEDE2E /* vincerp.framework in Frameworks */ = {isa = PBXBuildFile; fileRef = 02C8B3901BE3FAE800203CF2 /* vincerp.framework */; };
		02AF8C7E1C0DF1EC00BEDE2E /* PasteboardCollectionViewItem.swift in Sources */ = {isa = PBXBuildFile; fileRef = 02AF8C7D1C0DF1EC00BEDE2E /* PasteboardCollectionViewItem.swift */; };
		02C488881BE21A0F004FD281 /* AppDelegate.swift in Sources */ = {isa = PBXBuildFile; fileRef = 02C488871BE21A0F004FD281 /* AppDelegate.swift */; };
		02C4888A1BE21A0F004FD281 /* PasteboardViewController.swift in Sources */ = {isa = PBXBuildFile; fileRef = 02C488891BE21A0F004FD281 /* PasteboardViewController.swift */; };
		02C8B3911BE3FAE800203CF2 /* vincerp.framework in Frameworks */ = {isa = PBXBuildFile; fileRef = 02C8B3901BE3FAE800203CF2 /* vincerp.framework */; };
		02C8B3951BE3FAFB00203CF2 /* vincerp.framework in Copy Carthage frameworks */ = {isa = PBXBuildFile; fileRef = 02C8B3901BE3FAE800203CF2 /* vincerp.framework */; settings = {ATTRIBUTES = (CodeSignOnCopy, RemoveHeadersOnCopy, ); }; };
		02CD87441BEFA3D700C149AF /* TextItemCell.xib in Resources */ = {isa = PBXBuildFile; fileRef = 02CD87431BEFA3D700C149AF /* TextItemCell.xib */; };
		02CD87481BEFDA6700C149AF /* ImageItemCell.xib in Resources */ = {isa = PBXBuildFile; fileRef = 02CD87471BEFDA6700C149AF /* ImageItemCell.xib */; };
		02EF68C41C1092B20061B690 /* PasteboardTests.swift in Sources */ = {isa = PBXBuildFile; fileRef = 02EF68C31C1092B20061B690 /* PasteboardTests.swift */; };
		02F54B6A1C00BFD400093553 /* MainMenu.xib in Resources */ = {isa = PBXBuildFile; fileRef = 02F54B691C00BFD400093553 /* MainMenu.xib */; };
		02F54B6C1C00C24E00093553 /* PasteboardViewController.xib in Resources */ = {isa = PBXBuildFile; fileRef = 02F54B6B1C00C24E00093553 /* PasteboardViewController.xib */; };
		02F54B701C00C6E100093553 /* Assets.xcassets in Resources */ = {isa = PBXBuildFile; fileRef = 02F54B6F1C00C6E100093553 /* Assets.xcassets */; };
		791F31451C049CC6004AA9E2 /* PastePopoverRootView.swift in Sources */ = {isa = PBXBuildFile; fileRef = 791F31441C049CC6004AA9E2 /* PastePopoverRootView.swift */; };
		791F31471C049D0C004AA9E2 /* PastePopoverBackgroundView.swift in Sources */ = {isa = PBXBuildFile; fileRef = 791F31461C049D0C004AA9E2 /* PastePopoverBackgroundView.swift */; };
/* End PBXBuildFile section */

/* Begin PBXContainerItemProxy section */
		02C488961BE21A0F004FD281 /* PBXContainerItemProxy */ = {
			isa = PBXContainerItemProxy;
			containerPortal = 02C4887C1BE21A0F004FD281 /* Project object */;
			proxyType = 1;
			remoteGlobalIDString = 02C488831BE21A0F004FD281;
			remoteInfo = PasteFlow;
		};
/* End PBXContainerItemProxy section */

/* Begin PBXCopyFilesBuildPhase section */
		02C8B3941BE3FAEF00203CF2 /* Copy Carthage frameworks */ = {
			isa = PBXCopyFilesBuildPhase;
			buildActionMask = 2147483647;
			dstPath = "";
			dstSubfolderSpec = 10;
			files = (
				02C8B3951BE3FAFB00203CF2 /* vincerp.framework in Copy Carthage frameworks */,
			);
			name = "Copy Carthage frameworks";
			runOnlyForDeploymentPostprocessing = 0;
		};
/* End PBXCopyFilesBuildPhase section */

/* Begin PBXFileReference section */
		026771D11BE924D5002B79F4 /* PasteboardService.swift */ = {isa = PBXFileReference; fileEncoding = 4; lastKnownFileType = sourcecode.swift; path = PasteboardService.swift; sourceTree = "<group>"; };
		02801C311C035333000817CE /* PasteboardItem.swift */ = {isa = PBXFileReference; fileEncoding = 4; lastKnownFileType = sourcecode.swift; path = PasteboardItem.swift; sourceTree = "<group>"; };
		02801C341C0354F7000817CE /* PasteViewModel.swift */ = {isa = PBXFileReference; fileEncoding = 4; lastKnownFileType = sourcecode.swift; path = PasteViewModel.swift; sourceTree = "<group>"; };
		02AF8C7D1C0DF1EC00BEDE2E /* PasteboardCollectionViewItem.swift */ = {isa = PBXFileReference; fileEncoding = 4; lastKnownFileType = sourcecode.swift; path = PasteboardCollectionViewItem.swift; sourceTree = "<group>"; };
		02C488841BE21A0F004FD281 /* PasteFlow.app */ = {isa = PBXFileReference; explicitFileType = wrapper.application; includeInIndex = 0; path = PasteFlow.app; sourceTree = BUILT_PRODUCTS_DIR; };
		02C488871BE21A0F004FD281 /* AppDelegate.swift */ = {isa = PBXFileReference; lastKnownFileType = sourcecode.swift; path = AppDelegate.swift; sourceTree = "<group>"; };
		02C488891BE21A0F004FD281 /* PasteboardViewController.swift */ = {isa = PBXFileReference; lastKnownFileType = sourcecode.swift; path = PasteboardViewController.swift; sourceTree = "<group>"; };
		02C488901BE21A0F004FD281 /* Info.plist */ = {isa = PBXFileReference; lastKnownFileType = text.plist.xml; path = Info.plist; sourceTree = "<group>"; };
		02C488951BE21A0F004FD281 /* PasteFlowTests.xctest */ = {isa = PBXFileReference; explicitFileType = wrapper.cfbundle; includeInIndex = 0; path = PasteFlowTests.xctest; sourceTree = BUILT_PRODUCTS_DIR; };
		02C4889B1BE21A0F004FD281 /* Info.plist */ = {isa = PBXFileReference; lastKnownFileType = text.plist.xml; path = Info.plist; sourceTree = "<group>"; };
		02C8B3901BE3FAE800203CF2 /* vincerp.framework */ = {isa = PBXFileReference; lastKnownFileType = wrapper.framework; name = vincerp.framework; path = Carthage/Build/Mac/vincerp.framework; sourceTree = "<group>"; };
		02CD87431BEFA3D700C149AF /* TextItemCell.xib */ = {isa = PBXFileReference; fileEncoding = 4; lastKnownFileType = file.xib; path = TextItemCell.xib; sourceTree = "<group>"; };
		02CD87471BEFDA6700C149AF /* ImageItemCell.xib */ = {isa = PBXFileReference; fileEncoding = 4; lastKnownFileType = file.xib; path = ImageItemCell.xib; sourceTree = "<group>"; };
		02EF68C31C1092B20061B690 /* PasteboardTests.swift */ = {isa = PBXFileReference; fileEncoding = 4; lastKnownFileType = sourcecode.swift; path = PasteboardTests.swift; sourceTree = "<group>"; };
		02F54B691C00BFD400093553 /* MainMenu.xib */ = {isa = PBXFileReference; fileEncoding = 4; lastKnownFileType = file.xib; path = MainMenu.xib; sourceTree = "<group>"; };
		02F54B6B1C00C24E00093553 /* PasteboardViewController.xib */ = {isa = PBXFileReference; fileEncoding = 4; lastKnownFileType = file.xib; path = PasteboardViewController.xib; sourceTree = "<group>"; };
		02F54B6F1C00C6E100093553 /* Assets.xcassets */ = {isa = PBXFileReference; lastKnownFileType = folder.assetcatalog; path = Assets.xcassets; sourceTree = "<group>"; };
		791F31441C049CC6004AA9E2 /* PastePopoverRootView.swift */ = {isa = PBXFileReference; fileEncoding = 4; lastKnownFileType = sourcecode.swift; name = PastePopoverRootView.swift; path = View/Popover/PastePopoverRootView.swift; sourceTree = "<group>"; };
		791F31461C049D0C004AA9E2 /* PastePopoverBackgroundView.swift */ = {isa = PBXFileReference; fileEncoding = 4; lastKnownFileType = sourcecode.swift; path = PastePopoverBackgroundView.swift; sourceTree = "<group>"; };
/* End PBXFileReference section */

/* Begin PBXFrameworksBuildPhase section */
		02C488811BE21A0F004FD281 /* Frameworks */ = {
			isa = PBXFrameworksBuildPhase;
			buildActionMask = 2147483647;
			files = (
				02C8B3911BE3FAE800203CF2 /* vincerp.framework in Frameworks */,
			);
			runOnlyForDeploymentPostprocessing = 0;
		};
		02C488921BE21A0F004FD281 /* Frameworks */ = {
			isa = PBXFrameworksBuildPhase;
			buildActionMask = 2147483647;
			files = (
				02AF8C7C1C0B09DA00BEDE2E /* vincerp.framework in Frameworks */,
			);
			runOnlyForDeploymentPostprocessing = 0;
		};
/* End PBXFrameworksBuildPhase section */

/* Begin PBXGroup section */
		02801C301C03531F000817CE /* Model */ = {
			isa = PBXGroup;
			children = (
				02801C311C035333000817CE /* PasteboardItem.swift */,
			);
			name = Model;
			sourceTree = "<group>";
		};
		02801C331C0354E7000817CE /* ViewModel */ = {
			isa = PBXGroup;
			children = (
				02801C341C0354F7000817CE /* PasteViewModel.swift */,
			);
			name = ViewModel;
			sourceTree = "<group>";
		};
		02C4887B1BE21A0F004FD281 = {
			isa = PBXGroup;
			children = (
				02C488861BE21A0F004FD281 /* PasteFlow */,
				02C8B38F1BE3FAD000203CF2 /* Frameworks */,
				02C488981BE21A0F004FD281 /* PasteFlowTests */,
				02C488851BE21A0F004FD281 /* Products */,
			);
			sourceTree = "<group>";
		};
		02C488851BE21A0F004FD281 /* Products */ = {
			isa = PBXGroup;
			children = (
				02C488841BE21A0F004FD281 /* PasteFlow.app */,
				02C488951BE21A0F004FD281 /* PasteFlowTests.xctest */,
			);
			name = Products;
			sourceTree = "<group>";
		};
		02C488861BE21A0F004FD281 /* PasteFlow */ = {
			isa = PBXGroup;
			children = (
				02801C331C0354E7000817CE /* ViewModel */,
				02801C301C03531F000817CE /* Model */,
				02CD87461BEFA99600C149AF /* View */,
				026771D11BE924D5002B79F4 /* PasteboardService.swift */,
				02C488871BE21A0F004FD281 /* AppDelegate.swift */,
				02CD87451BEFA98200C149AF /* Supporting Files */,
			);
			path = PasteFlow;
			sourceTree = "<group>";
		};
		02C488981BE21A0F004FD281 /* PasteFlowTests */ = {
			isa = PBXGroup;
			children = (
				02C4889B1BE21A0F004FD281 /* Info.plist */,
				02EF68C31C1092B20061B690 /* PasteboardTests.swift */,
			);
			path = PasteFlowTests;
			sourceTree = "<group>";
		};
		02C8B38F1BE3FAD000203CF2 /* Frameworks */ = {
			isa = PBXGroup;
			children = (
				02C8B3901BE3FAE800203CF2 /* vincerp.framework */,
			);
			name = Frameworks;
			sourceTree = "<group>";
		};
		02CD87451BEFA98200C149AF /* Supporting Files */ = {
			isa = PBXGroup;
			children = (
				02F54B6F1C00C6E100093553 /* Assets.xcassets */,
				02C488901BE21A0F004FD281 /* Info.plist */,
			);
			name = "Supporting Files";
			sourceTree = "<group>";
		};
		02CD87461BEFA99600C149AF /* View */ = {
			isa = PBXGroup;
			children = (
				791F31431C049C8B004AA9E2 /* Popover */,
				02C488891BE21A0F004FD281 /* PasteboardViewController.swift */,
				02AF8C7D1C0DF1EC00BEDE2E /* PasteboardCollectionViewItem.swift */,
				02CD87471BEFDA6700C149AF /* ImageItemCell.xib */,
				02F54B691C00BFD400093553 /* MainMenu.xib */,
				02F54B6B1C00C24E00093553 /* PasteboardViewController.xib */,
				02CD87431BEFA3D700C149AF /* TextItemCell.xib */,
			);
			name = View;
			sourceTree = "<group>";
		};
		791F31431C049C8B004AA9E2 /* Popover */ = {
			isa = PBXGroup;
			children = (
				791F31441C049CC6004AA9E2 /* PastePopoverRootView.swift */,
				791F31461C049D0C004AA9E2 /* PastePopoverBackgroundView.swift */,
			);
			name = Popover;
			sourceTree = "<group>";
		};
/* End PBXGroup section */

/* Begin PBXNativeTarget section */
		02C488831BE21A0F004FD281 /* PasteFlow */ = {
			isa = PBXNativeTarget;
			buildConfigurationList = 02C488A91BE21A0F004FD281 /* Build configuration list for PBXNativeTarget "PasteFlow" */;
			buildPhases = (
				02C488801BE21A0F004FD281 /* Sources */,
				02C488811BE21A0F004FD281 /* Frameworks */,
				02C488821BE21A0F004FD281 /* Resources */,
				02C8B3941BE3FAEF00203CF2 /* Copy Carthage frameworks */,
			);
			buildRules = (
			);
			dependencies = (
			);
			name = PasteFlow;
			productName = PasteFlow;
			productReference = 02C488841BE21A0F004FD281 /* PasteFlow.app */;
			productType = "com.apple.product-type.application";
		};
		02C488941BE21A0F004FD281 /* PasteFlowTests */ = {
			isa = PBXNativeTarget;
			buildConfigurationList = 02C488AC1BE21A0F004FD281 /* Build configuration list for PBXNativeTarget "PasteFlowTests" */;
			buildPhases = (
				02C488911BE21A0F004FD281 /* Sources */,
				02C488921BE21A0F004FD281 /* Frameworks */,
				02C488931BE21A0F004FD281 /* Resources */,
			);
			buildRules = (
			);
			dependencies = (
				02C488971BE21A0F004FD281 /* PBXTargetDependency */,
			);
			name = PasteFlowTests;
			productName = PasteFlowTests;
			productReference = 02C488951BE21A0F004FD281 /* PasteFlowTests.xctest */;
			productType = "com.apple.product-type.bundle.unit-test";
		};
/* End PBXNativeTarget section */

/* Begin PBXProject section */
		02C4887C1BE21A0F004FD281 /* Project object */ = {
			isa = PBXProject;
			attributes = {
				LastSwiftUpdateCheck = 0710;
				LastUpgradeCheck = 0710;
				ORGANIZATIONNAME = "Agnes Vasarhelyi";
				TargetAttributes = {
					02C488831BE21A0F004FD281 = {
						CreatedOnToolsVersion = 7.1;
					};
					02C488941BE21A0F004FD281 = {
						CreatedOnToolsVersion = 7.1;
						TestTargetID = 02C488831BE21A0F004FD281;
					};
				};
			};
			buildConfigurationList = 02C4887F1BE21A0F004FD281 /* Build configuration list for PBXProject "PasteFlow" */;
			compatibilityVersion = "Xcode 3.2";
			developmentRegion = English;
			hasScannedForEncodings = 0;
			knownRegions = (
				en,
				Base,
			);
			mainGroup = 02C4887B1BE21A0F004FD281;
			productRefGroup = 02C488851BE21A0F004FD281 /* Products */;
			projectDirPath = "";
			projectRoot = "";
			targets = (
				02C488831BE21A0F004FD281 /* PasteFlow */,
				02C488941BE21A0F004FD281 /* PasteFlowTests */,
			);
		};
/* End PBXProject section */

/* Begin PBXResourcesBuildPhase section */
		02C488821BE21A0F004FD281 /* Resources */ = {
			isa = PBXResourcesBuildPhase;
			buildActionMask = 2147483647;
			files = (
				02CD87481BEFDA6700C149AF /* ImageItemCell.xib in Resources */,
				02F54B6C1C00C24E00093553 /* PasteboardViewController.xib in Resources */,
				02CD87441BEFA3D700C149AF /* TextItemCell.xib in Resources */,
				02F54B6A1C00BFD400093553 /* MainMenu.xib in Resources */,
				02F54B701C00C6E100093553 /* Assets.xcassets in Resources */,
			);
			runOnlyForDeploymentPostprocessing = 0;
		};
		02C488931BE21A0F004FD281 /* Resources */ = {
			isa = PBXResourcesBuildPhase;
			buildActionMask = 2147483647;
			files = (
			);
			runOnlyForDeploymentPostprocessing = 0;
		};
/* End PBXResourcesBuildPhase section */

/* Begin PBXSourcesBuildPhase section */
		02C488801BE21A0F004FD281 /* Sources */ = {
			isa = PBXSourcesBuildPhase;
			buildActionMask = 2147483647;
			files = (
				02AF8C7E1C0DF1EC00BEDE2E /* PasteboardCollectionViewItem.swift in Sources */,
				791F31451C049CC6004AA9E2 /* PastePopoverRootView.swift in Sources */,
				791F31471C049D0C004AA9E2 /* PastePopoverBackgroundView.swift in Sources */,
				02C4888A1BE21A0F004FD281 /* PasteboardViewController.swift in Sources */,
				02C488881BE21A0F004FD281 /* AppDelegate.swift in Sources */,
				02801C351C0354F7000817CE /* PasteViewModel.swift in Sources */,
				026771D21BE924D5002B79F4 /* PasteboardService.swift in Sources */,
				02801C321C035333000817CE /* PasteboardItem.swift in Sources */,
			);
			runOnlyForDeploymentPostprocessing = 0;
		};
		02C488911BE21A0F004FD281 /* Sources */ = {
			isa = PBXSourcesBuildPhase;
			buildActionMask = 2147483647;
			files = (
				02EF68C41C1092B20061B690 /* PasteboardTests.swift in Sources */,
			);
			runOnlyForDeploymentPostprocessing = 0;
		};
/* End PBXSourcesBuildPhase section */

/* Begin PBXTargetDependency section */
		02C488971BE21A0F004FD281 /* PBXTargetDependency */ = {
			isa = PBXTargetDependency;
			target = 02C488831BE21A0F004FD281 /* PasteFlow */;
			targetProxy = 02C488961BE21A0F004FD281 /* PBXContainerItemProxy */;
		};
/* End PBXTargetDependency section */

/* Begin XCBuildConfiguration section */
		02C488A71BE21A0F004FD281 /* Debug */ = {
			isa = XCBuildConfiguration;
			buildSettings = {
				ALWAYS_SEARCH_USER_PATHS = NO;
				CLANG_CXX_LANGUAGE_STANDARD = "gnu++0x";
				CLANG_CXX_LIBRARY = "libc++";
				CLANG_ENABLE_MODULES = YES;
				CLANG_ENABLE_OBJC_ARC = YES;
				CLANG_WARN_BOOL_CONVERSION = YES;
				CLANG_WARN_CONSTANT_CONVERSION = YES;
				CLANG_WARN_DIRECT_OBJC_ISA_USAGE = YES_ERROR;
				CLANG_WARN_EMPTY_BODY = YES;
				CLANG_WARN_ENUM_CONVERSION = YES;
				CLANG_WARN_INT_CONVERSION = YES;
				CLANG_WARN_OBJC_ROOT_CLASS = YES_ERROR;
				CLANG_WARN_UNREACHABLE_CODE = YES;
				CLANG_WARN__DUPLICATE_METHOD_MATCH = YES;
				CODE_SIGN_IDENTITY = "Mac Developer";
				COPY_PHASE_STRIP = NO;
				DEBUG_INFORMATION_FORMAT = dwarf;
				ENABLE_STRICT_OBJC_MSGSEND = YES;
				ENABLE_TESTABILITY = YES;
				GCC_C_LANGUAGE_STANDARD = gnu99;
				GCC_DYNAMIC_NO_PIC = NO;
				GCC_NO_COMMON_BLOCKS = YES;
				GCC_OPTIMIZATION_LEVEL = 0;
				GCC_PREPROCESSOR_DEFINITIONS = (
					"DEBUG=1",
					"$(inherited)",
				);
				GCC_WARN_64_TO_32_BIT_CONVERSION = YES;
				GCC_WARN_ABOUT_RETURN_TYPE = YES_ERROR;
				GCC_WARN_UNDECLARED_SELECTOR = YES;
				GCC_WARN_UNINITIALIZED_AUTOS = YES_AGGRESSIVE;
				GCC_WARN_UNUSED_FUNCTION = YES;
				GCC_WARN_UNUSED_VARIABLE = YES;
				MACOSX_DEPLOYMENT_TARGET = 10.11;
				MTL_ENABLE_DEBUG_INFO = YES;
				ONLY_ACTIVE_ARCH = YES;
				SDKROOT = macosx;
				SWIFT_OPTIMIZATION_LEVEL = "-Onone";
			};
			name = Debug;
		};
		02C488A81BE21A0F004FD281 /* Release */ = {
			isa = XCBuildConfiguration;
			buildSettings = {
				ALWAYS_SEARCH_USER_PATHS = NO;
				CLANG_CXX_LANGUAGE_STANDARD = "gnu++0x";
				CLANG_CXX_LIBRARY = "libc++";
				CLANG_ENABLE_MODULES = YES;
				CLANG_ENABLE_OBJC_ARC = YES;
				CLANG_WARN_BOOL_CONVERSION = YES;
				CLANG_WARN_CONSTANT_CONVERSION = YES;
				CLANG_WARN_DIRECT_OBJC_ISA_USAGE = YES_ERROR;
				CLANG_WARN_EMPTY_BODY = YES;
				CLANG_WARN_ENUM_CONVERSION = YES;
				CLANG_WARN_INT_CONVERSION = YES;
				CLANG_WARN_OBJC_ROOT_CLASS = YES_ERROR;
				CLANG_WARN_UNREACHABLE_CODE = YES;
				CLANG_WARN__DUPLICATE_METHOD_MATCH = YES;
				CODE_SIGN_IDENTITY = "Mac Developer";
				COPY_PHASE_STRIP = NO;
				DEBUG_INFORMATION_FORMAT = "dwarf-with-dsym";
				ENABLE_NS_ASSERTIONS = NO;
				ENABLE_STRICT_OBJC_MSGSEND = YES;
				GCC_C_LANGUAGE_STANDARD = gnu99;
				GCC_NO_COMMON_BLOCKS = YES;
				GCC_WARN_64_TO_32_BIT_CONVERSION = YES;
				GCC_WARN_ABOUT_RETURN_TYPE = YES_ERROR;
				GCC_WARN_UNDECLARED_SELECTOR = YES;
				GCC_WARN_UNINITIALIZED_AUTOS = YES_AGGRESSIVE;
				GCC_WARN_UNUSED_FUNCTION = YES;
				GCC_WARN_UNUSED_VARIABLE = YES;
				MACOSX_DEPLOYMENT_TARGET = 10.11;
				MTL_ENABLE_DEBUG_INFO = NO;
				SDKROOT = macosx;
			};
			name = Release;
		};
		02C488AA1BE21A0F004FD281 /* Debug */ = {
			isa = XCBuildConfiguration;
			buildSettings = {
				ASSETCATALOG_COMPILER_APPICON_NAME = AppIcon;
				COMBINE_HIDPI_IMAGES = YES;
				FRAMEWORK_SEARCH_PATHS = (
					"$(inherited)",
					"$(PROJECT_DIR)/Carthage/Build/Mac",
				);
				INFOPLIST_FILE = PasteFlow/Info.plist;
				LD_RUNPATH_SEARCH_PATHS = "$(inherited) @executable_path/../Frameworks";
				PRODUCT_BUNDLE_IDENTIFIER = com.vasarhelyia.PasteFlow;
				PRODUCT_NAME = "$(TARGET_NAME)";
			};
			name = Debug;
		};
		02C488AB1BE21A0F004FD281 /* Release */ = {
			isa = XCBuildConfiguration;
			buildSettings = {
				ASSETCATALOG_COMPILER_APPICON_NAME = AppIcon;
				COMBINE_HIDPI_IMAGES = YES;
				FRAMEWORK_SEARCH_PATHS = (
					"$(inherited)",
					"$(PROJECT_DIR)/Carthage/Build/Mac",
				);
				INFOPLIST_FILE = PasteFlow/Info.plist;
				LD_RUNPATH_SEARCH_PATHS = "$(inherited) @executable_path/../Frameworks";
				PRODUCT_BUNDLE_IDENTIFIER = com.vasarhelyia.PasteFlow;
				PRODUCT_NAME = "$(TARGET_NAME)";
			};
			name = Release;
		};
		02C488AD1BE21A0F004FD281 /* Debug */ = {
			isa = XCBuildConfiguration;
			buildSettings = {
				BUNDLE_LOADER = "$(TEST_HOST)";
				CLANG_ENABLE_MODULES = YES;
				CODE_SIGN_IDENTITY = "";
				COMBINE_HIDPI_IMAGES = YES;
				FRAMEWORK_SEARCH_PATHS = (
					"$(inherited)",
					"$(PROJECT_DIR)/Carthage/Build/Mac",
				);
				INFOPLIST_FILE = PasteFlowTests/Info.plist;
				LD_RUNPATH_SEARCH_PATHS = "$(inherited) @executable_path/../Frameworks @loader_path/../Frameworks";
				PRODUCT_BUNDLE_IDENTIFIER = com.vasarhelyia.PasteFlowTests;
				PRODUCT_NAME = "$(TARGET_NAME)";
				SWIFT_OPTIMIZATION_LEVEL = "-Onone";
				TEST_HOST = "$(BUILT_PRODUCTS_DIR)/PasteFlow.app/Contents/MacOS/PasteFlow";
			};
			name = Debug;
		};
		02C488AE1BE21A0F004FD281 /* Release */ = {
			isa = XCBuildConfiguration;
			buildSettings = {
				BUNDLE_LOADER = "$(TEST_HOST)";
				CLANG_ENABLE_MODULES = YES;
				CODE_SIGN_IDENTITY = "";
				COMBINE_HIDPI_IMAGES = YES;
				FRAMEWORK_SEARCH_PATHS = (
					"$(inherited)",
					"$(PROJECT_DIR)/Carthage/Build/Mac",
				);
				INFOPLIST_FILE = PasteFlowTests/Info.plist;
				LD_RUNPATH_SEARCH_PATHS = "$(inherited) @executable_path/../Frameworks @loader_path/../Frameworks";
				PRODUCT_BUNDLE_IDENTIFIER = com.vasarhelyia.PasteFlowTests;
				PRODUCT_NAME = "$(TARGET_NAME)";
				TEST_HOST = "$(BUILT_PRODUCTS_DIR)/PasteFlow.app/Contents/MacOS/PasteFlow";
			};
			name = Release;
		};
/* End XCBuildConfiguration section */

/* Begin XCConfigurationList section */
		02C4887F1BE21A0F004FD281 /* Build configuration list for PBXProject "PasteFlow" */ = {
			isa = XCConfigurationList;
			buildConfigurations = (
				02C488A71BE21A0F004FD281 /* Debug */,
				02C488A81BE21A0F004FD281 /* Release */,
			);
			defaultConfigurationIsVisible = 0;
			defaultConfigurationName = Release;
		};
		02C488A91BE21A0F004FD281 /* Build configuration list for PBXNativeTarget "PasteFlow" */ = {
			isa = XCConfigurationList;
			buildConfigurations = (
				02C488AA1BE21A0F004FD281 /* Debug */,
				02C488AB1BE21A0F004FD281 /* Release */,
			);
			defaultConfigurationIsVisible = 0;
			defaultConfigurationName = Release;
		};
		02C488AC1BE21A0F004FD281 /* Build configuration list for PBXNativeTarget "PasteFlowTests" */ = {
			isa = XCConfigurationList;
			buildConfigurations = (
				02C488AD1BE21A0F004FD281 /* Debug */,
				02C488AE1BE21A0F004FD281 /* Release */,
			);
			defaultConfigurationIsVisible = 0;
			defaultConfigurationName = Release;
		};
/* End XCConfigurationList section */
	};
	rootObject = 02C4887C1BE21A0F004FD281 /* Project object */;
}
